
Microsoft Visual Studio Solution File, Format Version 12.00
# Visual Studio Version 17
VisualStudioVersion = 17.11.35327.3
MinimumVisualStudioVersion = 10.0.40219.1
Project("{FAE04EC0-301F-11D3-BF4B-00C04F79EFBC}") = "GymManagement", "GymManagement.csproj", "{201446E6-D1A8-4BED-A157-01CB9EE4A7FF}"
EndProject
Global
	GlobalSection(SolutionConfigurationPlatforms) = preSolution
		Debug|Any CPU = Debug|Any CPU
		Release|Any CPU = Release|Any CPU
	EndGlobalSection
	GlobalSection(ProjectConfigurationPlatforms) = postSolution
		{201446E6-D1A8-4BED-A157-01CB9EE4A7FF}.Debug|Any CPU.ActiveCfg = Debug|Any CPU
		{201446E6-D1A8-4BED-A157-01CB9EE4A7FF}.Debug|Any CPU.Build.0 = Debug|Any CPU
		{201446E6-D1A8-4BED-A157-01CB9EE4A7FF}.Release|Any CPU.ActiveCfg = Release|Any CPU
		{201446E6-D1A8-4BED-A157-01CB9EE4A7FF}.Release|Any CPU.Build.0 = Release|Any CPU
	EndGlobalSection
	GlobalSection(SolutionProperties) = preSolution
		HideSolutionNode = FALSE
	EndGlobalSection
	GlobalSection(ExtensibilityGlobals) = postSolution
		SolutionGuid = {943A3A5E-1121-4F9E-9598-DA63868E4D05}
	EndGlobalSection
EndGlobal
